
Microsoft Visual Studio Solution File, Format Version 12.00
# Visual Studio Version 17
VisualStudioVersion = 17.14.36310.24 d17.14
MinimumVisualStudioVersion = 10.0.40219.1
Project("{FAE04EC0-301F-11D3-BF4B-00C04F79EFBC}") = "SelectaAPI", "SelectaAPI\SelectaAPI.csproj", "{74C6D51E-7217-45BA-85E9-5FEECF4AC7C2}"
EndProject
Global
	GlobalSection(SolutionConfigurationPlatforms) = preSolution
		Debug|Any CPU = Debug|Any CPU
		Release|Any CPU = Release|Any CPU
	EndGlobalSection
	GlobalSection(ProjectConfigurationPlatforms) = postSolution
		{74C6D51E-7217-45BA-85E9-5FEECF4AC7C2}.Debug|Any CPU.ActiveCfg = Debug|Any CPU
		{74C6D51E-7217-45BA-85E9-5FEECF4AC7C2}.Debug|Any CPU.Build.0 = Debug|Any CPU
		{74C6D51E-7217-45BA-85E9-5FEECF4AC7C2}.Release|Any CPU.ActiveCfg = Release|Any CPU
		{74C6D51E-7217-45BA-85E9-5FEECF4AC7C2}.Release|Any CPU.Build.0 = Release|Any CPU
	EndGlobalSection
	GlobalSection(SolutionProperties) = preSolution
		HideSolutionNode = FALSE
	EndGlobalSection
	GlobalSection(ExtensibilityGlobals) = postSolution
		SolutionGuid = {3A231843-42C2-48D2-AEAE-DCEA496B9053}
	EndGlobalSection
EndGlobal
